// !$*UTF8*$!
{
	archiveVersion = 1;
	classes = {
	};
	objectVersion = 50;
	objects = {

/* Begin PBXBuildFile section */
		19D6583665DCBD66181E1A76 /* libPods-Test task iOS - OsmAnd.a in Frameworks */ = {isa = PBXBuildFile; fileRef = 36F42A905DAB051274959542 /* libPods-Test task iOS - OsmAnd.a */; };
		647A212A2413BFAD00F2F3E9 /* Helpers.swift in Sources */ = {isa = PBXBuildFile; fileRef = 647A21292413BFAD00F2F3E9 /* Helpers.swift */; };
		647A212C2413BFE900F2F3E9 /* region_json.json in Resources */ = {isa = PBXBuildFile; fileRef = 647A212B2413BFE900F2F3E9 /* region_json.json */; };
		647A212E2413C23A00F2F3E9 /* DataProvider.swift in Sources */ = {isa = PBXBuildFile; fileRef = 647A212D2413C23A00F2F3E9 /* DataProvider.swift */; };
		647A21322413E37D00F2F3E9 /* RegionsViewController.swift in Sources */ = {isa = PBXBuildFile; fileRef = 647A21312413E37D00F2F3E9 /* RegionsViewController.swift */; };
		647ECF5B2414C1AC00D26BA1 /* MemoryProgresView.swift in Sources */ = {isa = PBXBuildFile; fileRef = 647ECF5A2414C1AC00D26BA1 /* MemoryProgresView.swift */; };
		6482744424137FD800578441 /* AppDelegate.swift in Sources */ = {isa = PBXBuildFile; fileRef = 6482744324137FD800578441 /* AppDelegate.swift */; };
		6482744D24137FDE00578441 /* Assets.xcassets in Resources */ = {isa = PBXBuildFile; fileRef = 6482744C24137FDE00578441 /* Assets.xcassets */; };
		6482745024137FDE00578441 /* LaunchScreen.storyboard in Resources */ = {isa = PBXBuildFile; fileRef = 6482744E24137FDE00578441 /* LaunchScreen.storyboard */; };
		6482745824138BB100578441 /* Extentions.swift in Sources */ = {isa = PBXBuildFile; fileRef = 6482745724138BB100578441 /* Extentions.swift */; };
		64830AAA2413B8E50007E048 /* MainTableViewCell.swift in Sources */ = {isa = PBXBuildFile; fileRef = 64830AA92413B8E50007E048 /* MainTableViewCell.swift */; };
		64A4472B2413AD2000744EB0 /* Main.storyboard in Resources */ = {isa = PBXBuildFile; fileRef = 64A447292413AD2000744EB0 /* Main.storyboard */; };
		64A4472D2413AD8D00744EB0 /* CountryViewController.swift in Sources */ = {isa = PBXBuildFile; fileRef = 64A4472C2413AD8D00744EB0 /* CountryViewController.swift */; };
		64C4628E24153ED100C2B564 /* NetworkManager.swift in Sources */ = {isa = PBXBuildFile; fileRef = 64C4628D24153ED100C2B564 /* NetworkManager.swift */; };
/* End PBXBuildFile section */

/* Begin PBXFileReference section */
		1B48348A0330DA596BC8B1A9 /* Pods-Test task iOS - OsmAnd.release.xcconfig */ = {isa = PBXFileReference; includeInIndex = 1; lastKnownFileType = text.xcconfig; name = "Pods-Test task iOS - OsmAnd.release.xcconfig"; path = "Target Support Files/Pods-Test task iOS - OsmAnd/Pods-Test task iOS - OsmAnd.release.xcconfig"; sourceTree = "<group>"; };
		36F42A905DAB051274959542 /* libPods-Test task iOS - OsmAnd.a */ = {isa = PBXFileReference; explicitFileType = archive.ar; includeInIndex = 0; path = "libPods-Test task iOS - OsmAnd.a"; sourceTree = BUILT_PRODUCTS_DIR; };
		647A21292413BFAD00F2F3E9 /* Helpers.swift */ = {isa = PBXFileReference; lastKnownFileType = sourcecode.swift; path = Helpers.swift; sourceTree = "<group>"; };
		647A212B2413BFE900F2F3E9 /* region_json.json */ = {isa = PBXFileReference; fileEncoding = 4; lastKnownFileType = text.json; path = region_json.json; sourceTree = "<group>"; };
		647A212D2413C23A00F2F3E9 /* DataProvider.swift */ = {isa = PBXFileReference; lastKnownFileType = sourcecode.swift; path = DataProvider.swift; sourceTree = "<group>"; };
		647A21312413E37D00F2F3E9 /* RegionsViewController.swift */ = {isa = PBXFileReference; lastKnownFileType = sourcecode.swift; path = RegionsViewController.swift; sourceTree = "<group>"; };
		647ECF5A2414C1AC00D26BA1 /* MemoryProgresView.swift */ = {isa = PBXFileReference; lastKnownFileType = sourcecode.swift; path = MemoryProgresView.swift; sourceTree = "<group>"; };
		6482744024137FD800578441 /* Test task iOS - OsmAnd.app */ = {isa = PBXFileReference; explicitFileType = wrapper.application; includeInIndex = 0; path = "Test task iOS - OsmAnd.app"; sourceTree = BUILT_PRODUCTS_DIR; };
		6482744324137FD800578441 /* AppDelegate.swift */ = {isa = PBXFileReference; lastKnownFileType = sourcecode.swift; path = AppDelegate.swift; sourceTree = "<group>"; };
		6482744C24137FDE00578441 /* Assets.xcassets */ = {isa = PBXFileReference; lastKnownFileType = folder.assetcatalog; path = Assets.xcassets; sourceTree = "<group>"; };
		6482744F24137FDE00578441 /* Base */ = {isa = PBXFileReference; lastKnownFileType = file.storyboard; name = Base; path = Base.lproj/LaunchScreen.storyboard; sourceTree = "<group>"; };
		6482745124137FDE00578441 /* Info.plist */ = {isa = PBXFileReference; lastKnownFileType = text.plist.xml; path = Info.plist; sourceTree = "<group>"; };
		6482745724138BB100578441 /* Extentions.swift */ = {isa = PBXFileReference; lastKnownFileType = sourcecode.swift; path = Extentions.swift; sourceTree = "<group>"; };
		64830AA92413B8E50007E048 /* MainTableViewCell.swift */ = {isa = PBXFileReference; lastKnownFileType = sourcecode.swift; path = MainTableViewCell.swift; sourceTree = "<group>"; };
		64A4472A2413AD2000744EB0 /* Base */ = {isa = PBXFileReference; lastKnownFileType = file.storyboard; name = Base; path = Base.lproj/Main.storyboard; sourceTree = "<group>"; };
		64A4472C2413AD8D00744EB0 /* CountryViewController.swift */ = {isa = PBXFileReference; fileEncoding = 4; lastKnownFileType = sourcecode.swift; path = CountryViewController.swift; sourceTree = "<group>"; };
		64C4628D24153ED100C2B564 /* NetworkManager.swift */ = {isa = PBXFileReference; lastKnownFileType = sourcecode.swift; path = NetworkManager.swift; sourceTree = "<group>"; };
		A1597F5BB97080F14DE36044 /* Pods-Test task iOS - OsmAnd.debug.xcconfig */ = {isa = PBXFileReference; includeInIndex = 1; lastKnownFileType = text.xcconfig; name = "Pods-Test task iOS - OsmAnd.debug.xcconfig"; path = "Target Support Files/Pods-Test task iOS - OsmAnd/Pods-Test task iOS - OsmAnd.debug.xcconfig"; sourceTree = "<group>"; };
/* End PBXFileReference section */

/* Begin PBXFrameworksBuildPhase section */
		6482743D24137FD800578441 /* Frameworks */ = {
			isa = PBXFrameworksBuildPhase;
			buildActionMask = 2147483647;
			files = (
				19D6583665DCBD66181E1A76 /* libPods-Test task iOS - OsmAnd.a in Frameworks */,
			);
			runOnlyForDeploymentPostprocessing = 0;
		};
/* End PBXFrameworksBuildPhase section */

/* Begin PBXGroup section */
		3A5479402E40CEB663117FA0 /* Frameworks */ = {
			isa = PBXGroup;
			children = (
				36F42A905DAB051274959542 /* libPods-Test task iOS - OsmAnd.a */,
			);
			name = Frameworks;
			sourceTree = "<group>";
		};
		6482743724137FD800578441 = {
			isa = PBXGroup;
			children = (
				6482744224137FD800578441 /* Test task iOS - OsmAnd */,
				6482744124137FD800578441 /* Products */,
				ECE0A0A090C3B266424575CB /* Pods */,
				3A5479402E40CEB663117FA0 /* Frameworks */,
			);
			sourceTree = "<group>";
		};
		6482744124137FD800578441 /* Products */ = {
			isa = PBXGroup;
			children = (
				6482744024137FD800578441 /* Test task iOS - OsmAnd.app */,
			);
			name = Products;
			sourceTree = "<group>";
		};
		6482744224137FD800578441 /* Test task iOS - OsmAnd */ = {
			isa = PBXGroup;
			children = (
				6482744324137FD800578441 /* AppDelegate.swift */,
				64A4472C2413AD8D00744EB0 /* CountryViewController.swift */,
				647A21312413E37D00F2F3E9 /* RegionsViewController.swift */,
				64830AA92413B8E50007E048 /* MainTableViewCell.swift */,
				6482744C24137FDE00578441 /* Assets.xcassets */,
				64A447292413AD2000744EB0 /* Main.storyboard */,
				6482744E24137FDE00578441 /* LaunchScreen.storyboard */,
				6482745124137FDE00578441 /* Info.plist */,
				647A212B2413BFE900F2F3E9 /* region_json.json */,
				6482745724138BB100578441 /* Extentions.swift */,
				647A21292413BFAD00F2F3E9 /* Helpers.swift */,
				647A212D2413C23A00F2F3E9 /* DataProvider.swift */,
				64C4628D24153ED100C2B564 /* NetworkManager.swift */,
				647ECF5A2414C1AC00D26BA1 /* MemoryProgresView.swift */,
			);
			path = "Test task iOS - OsmAnd";
			sourceTree = "<group>";
		};
		ECE0A0A090C3B266424575CB /* Pods */ = {
			isa = PBXGroup;
			children = (
				A1597F5BB97080F14DE36044 /* Pods-Test task iOS - OsmAnd.debug.xcconfig */,
				1B48348A0330DA596BC8B1A9 /* Pods-Test task iOS - OsmAnd.release.xcconfig */,
			);
			name = Pods;
			path = Pods;
			sourceTree = "<group>";
		};
/* End PBXGroup section */

/* Begin PBXNativeTarget section */
		6482743F24137FD800578441 /* Test task iOS - OsmAnd */ = {
			isa = PBXNativeTarget;
			buildConfigurationList = 6482745424137FDE00578441 /* Build configuration list for PBXNativeTarget "Test task iOS - OsmAnd" */;
			buildPhases = (
				D0BB84E02499473C2AD2817B /* [CP] Check Pods Manifest.lock */,
				6482743C24137FD800578441 /* Sources */,
				6482743D24137FD800578441 /* Frameworks */,
				6482743E24137FD800578441 /* Resources */,
			);
			buildRules = (
			);
			dependencies = (
			);
			name = "Test task iOS - OsmAnd";
			productName = "Test task iOS - OsmAnd";
			productReference = 6482744024137FD800578441 /* Test task iOS - OsmAnd.app */;
			productType = "com.apple.product-type.application";
		};
/* End PBXNativeTarget section */

/* Begin PBXProject section */
		6482743824137FD800578441 /* Project object */ = {
			isa = PBXProject;
			attributes = {
				LastSwiftUpdateCheck = 1130;
				LastUpgradeCheck = 1130;
				ORGANIZATIONNAME = "Stas Shetko";
				TargetAttributes = {
					6482743F24137FD800578441 = {
						CreatedOnToolsVersion = 11.3.1;
					};
				};
			};
			buildConfigurationList = 6482743B24137FD800578441 /* Build configuration list for PBXProject "Test task iOS - OsmAnd" */;
			compatibilityVersion = "Xcode 9.3";
			developmentRegion = en;
			hasScannedForEncodings = 0;
			knownRegions = (
				en,
				Base,
			);
			mainGroup = 6482743724137FD800578441;
			productRefGroup = 6482744124137FD800578441 /* Products */;
			projectDirPath = "";
			projectRoot = "";
			targets = (
				6482743F24137FD800578441 /* Test task iOS - OsmAnd */,
			);
		};
/* End PBXProject section */

/* Begin PBXResourcesBuildPhase section */
		6482743E24137FD800578441 /* Resources */ = {
			isa = PBXResourcesBuildPhase;
			buildActionMask = 2147483647;
			files = (
				64A4472B2413AD2000744EB0 /* Main.storyboard in Resources */,
				647A212C2413BFE900F2F3E9 /* region_json.json in Resources */,
				6482745024137FDE00578441 /* LaunchScreen.storyboard in Resources */,
				6482744D24137FDE00578441 /* Assets.xcassets in Resources */,
			);
			runOnlyForDeploymentPostprocessing = 0;
		};
/* End PBXResourcesBuildPhase section */

/* Begin PBXShellScriptBuildPhase section */
		D0BB84E02499473C2AD2817B /* [CP] Check Pods Manifest.lock */ = {
			isa = PBXShellScriptBuildPhase;
			buildActionMask = 2147483647;
			files = (
			);
			inputFileListPaths = (
			);
			inputPaths = (
				"${PODS_PODFILE_DIR_PATH}/Podfile.lock",
				"${PODS_ROOT}/Manifest.lock",
			);
			name = "[CP] Check Pods Manifest.lock";
			outputFileListPaths = (
			);
			outputPaths = (
				"$(DERIVED_FILE_DIR)/Pods-Test task iOS - OsmAnd-checkManifestLockResult.txt",
			);
			runOnlyForDeploymentPostprocessing = 0;
			shellPath = /bin/sh;
			shellScript = "diff \"${PODS_PODFILE_DIR_PATH}/Podfile.lock\" \"${PODS_ROOT}/Manifest.lock\" > /dev/null\nif [ $? != 0 ] ; then\n    # print error to STDERR\n    echo \"error: The sandbox is not in sync with the Podfile.lock. Run 'pod install' or update your CocoaPods installation.\" >&2\n    exit 1\nfi\n# This output is used by Xcode 'outputs' to avoid re-running this script phase.\necho \"SUCCESS\" > \"${SCRIPT_OUTPUT_FILE_0}\"\n";
			showEnvVarsInLog = 0;
		};
/* End PBXShellScriptBuildPhase section */

/* Begin PBXSourcesBuildPhase section */
		6482743C24137FD800578441 /* Sources */ = {
			isa = PBXSourcesBuildPhase;
			buildActionMask = 2147483647;
			files = (
				64C4628E24153ED100C2B564 /* NetworkManager.swift in Sources */,
				647ECF5B2414C1AC00D26BA1 /* MemoryProgresView.swift in Sources */,
				647A21322413E37D00F2F3E9 /* RegionsViewController.swift in Sources */,
				647A212E2413C23A00F2F3E9 /* DataProvider.swift in Sources */,
				64A4472D2413AD8D00744EB0 /* CountryViewController.swift in Sources */,
				6482745824138BB100578441 /* Extentions.swift in Sources */,
				64830AAA2413B8E50007E048 /* MainTableViewCell.swift in Sources */,
				647A212A2413BFAD00F2F3E9 /* Helpers.swift in Sources */,
				6482744424137FD800578441 /* AppDelegate.swift in Sources */,
			);
			runOnlyForDeploymentPostprocessing = 0;
		};
/* End PBXSourcesBuildPhase section */

/* Begin PBXVariantGroup section */
		6482744E24137FDE00578441 /* LaunchScreen.storyboard */ = {
			isa = PBXVariantGroup;
			children = (
				6482744F24137FDE00578441 /* Base */,
			);
			name = LaunchScreen.storyboard;
			sourceTree = "<group>";
		};
		64A447292413AD2000744EB0 /* Main.storyboard */ = {
			isa = PBXVariantGroup;
			children = (
				64A4472A2413AD2000744EB0 /* Base */,
			);
			name = Main.storyboard;
			sourceTree = "<group>";
		};
/* End PBXVariantGroup section */

/* Begin XCBuildConfiguration section */
		6482745224137FDE00578441 /* Debug */ = {
			isa = XCBuildConfiguration;
			buildSettings = {
				ALWAYS_SEARCH_USER_PATHS = NO;
				CLANG_ANALYZER_NONNULL = YES;
				CLANG_ANALYZER_NUMBER_OBJECT_CONVERSION = YES_AGGRESSIVE;
				CLANG_CXX_LANGUAGE_STANDARD = "gnu++14";
				CLANG_CXX_LIBRARY = "libc++";
				CLANG_ENABLE_MODULES = YES;
				CLANG_ENABLE_OBJC_ARC = YES;
				CLANG_ENABLE_OBJC_WEAK = YES;
				CLANG_WARN_BLOCK_CAPTURE_AUTORELEASING = YES;
				CLANG_WARN_BOOL_CONVERSION = YES;
				CLANG_WARN_COMMA = YES;
				CLANG_WARN_CONSTANT_CONVERSION = YES;
				CLANG_WARN_DEPRECATED_OBJC_IMPLEMENTATIONS = YES;
				CLANG_WARN_DIRECT_OBJC_ISA_USAGE = YES_ERROR;
				CLANG_WARN_DOCUMENTATION_COMMENTS = YES;
				CLANG_WARN_EMPTY_BODY = YES;
				CLANG_WARN_ENUM_CONVERSION = YES;
				CLANG_WARN_INFINITE_RECURSION = YES;
				CLANG_WARN_INT_CONVERSION = YES;
				CLANG_WARN_NON_LITERAL_NULL_CONVERSION = YES;
				CLANG_WARN_OBJC_IMPLICIT_RETAIN_SELF = YES;
				CLANG_WARN_OBJC_LITERAL_CONVERSION = YES;
				CLANG_WARN_OBJC_ROOT_CLASS = YES_ERROR;
				CLANG_WARN_RANGE_LOOP_ANALYSIS = YES;
				CLANG_WARN_STRICT_PROTOTYPES = YES;
				CLANG_WARN_SUSPICIOUS_MOVE = YES;
				CLANG_WARN_UNGUARDED_AVAILABILITY = YES_AGGRESSIVE;
				CLANG_WARN_UNREACHABLE_CODE = YES;
				CLANG_WARN__DUPLICATE_METHOD_MATCH = YES;
				COPY_PHASE_STRIP = NO;
				DEBUG_INFORMATION_FORMAT = dwarf;
				ENABLE_STRICT_OBJC_MSGSEND = YES;
				ENABLE_TESTABILITY = YES;
				GCC_C_LANGUAGE_STANDARD = gnu11;
				GCC_DYNAMIC_NO_PIC = NO;
				GCC_NO_COMMON_BLOCKS = YES;
				GCC_OPTIMIZATION_LEVEL = 0;
				GCC_PREPROCESSOR_DEFINITIONS = (
					"DEBUG=1",
					"$(inherited)",
				);
				GCC_WARN_64_TO_32_BIT_CONVERSION = YES;
				GCC_WARN_ABOUT_DEPRECATED_FUNCTIONS = NO;
				GCC_WARN_ABOUT_RETURN_TYPE = YES_ERROR;
				GCC_WARN_UNDECLARED_SELECTOR = YES;
				GCC_WARN_UNINITIALIZED_AUTOS = YES_AGGRESSIVE;
				GCC_WARN_UNUSED_FUNCTION = YES;
				GCC_WARN_UNUSED_VARIABLE = YES;
				IPHONEOS_DEPLOYMENT_TARGET = 12.4;
				MTL_ENABLE_DEBUG_INFO = INCLUDE_SOURCE;
				MTL_FAST_MATH = YES;
				ONLY_ACTIVE_ARCH = YES;
				SDKROOT = iphoneos;
				SWIFT_ACTIVE_COMPILATION_CONDITIONS = DEBUG;
				SWIFT_OPTIMIZATION_LEVEL = "-Onone";
			};
			name = Debug;
		};
		6482745324137FDE00578441 /* Release */ = {
			isa = XCBuildConfiguration;
			buildSettings = {
				ALWAYS_SEARCH_USER_PATHS = NO;
				CLANG_ANALYZER_NONNULL = YES;
				CLANG_ANALYZER_NUMBER_OBJECT_CONVERSION = YES_AGGRESSIVE;
				CLANG_CXX_LANGUAGE_STANDARD = "gnu++14";
				CLANG_CXX_LIBRARY = "libc++";
				CLANG_ENABLE_MODULES = YES;
				CLANG_ENABLE_OBJC_ARC = YES;
				CLANG_ENABLE_OBJC_WEAK = YES;
				CLANG_WARN_BLOCK_CAPTURE_AUTORELEASING = YES;
				CLANG_WARN_BOOL_CONVERSION = YES;
				CLANG_WARN_COMMA = YES;
				CLANG_WARN_CONSTANT_CONVERSION = YES;
				CLANG_WARN_DEPRECATED_OBJC_IMPLEMENTATIONS = YES;
				CLANG_WARN_DIRECT_OBJC_ISA_USAGE = YES_ERROR;
				CLANG_WARN_DOCUMENTATION_COMMENTS = YES;
				CLANG_WARN_EMPTY_BODY = YES;
				CLANG_WARN_ENUM_CONVERSION = YES;
				CLANG_WARN_INFINITE_RECURSION = YES;
				CLANG_WARN_INT_CONVERSION = YES;
				CLANG_WARN_NON_LITERAL_NULL_CONVERSION = YES;
				CLANG_WARN_OBJC_IMPLICIT_RETAIN_SELF = YES;
				CLANG_WARN_OBJC_LITERAL_CONVERSION = YES;
				CLANG_WARN_OBJC_ROOT_CLASS = YES_ERROR;
				CLANG_WARN_RANGE_LOOP_ANALYSIS = YES;
				CLANG_WARN_STRICT_PROTOTYPES = YES;
				CLANG_WARN_SUSPICIOUS_MOVE = YES;
				CLANG_WARN_UNGUARDED_AVAILABILITY = YES_AGGRESSIVE;
				CLANG_WARN_UNREACHABLE_CODE = YES;
				CLANG_WARN__DUPLICATE_METHOD_MATCH = YES;
				COPY_PHASE_STRIP = NO;
				DEBUG_INFORMATION_FORMAT = "dwarf-with-dsym";
				ENABLE_NS_ASSERTIONS = NO;
				ENABLE_STRICT_OBJC_MSGSEND = YES;
				GCC_C_LANGUAGE_STANDARD = gnu11;
				GCC_NO_COMMON_BLOCKS = YES;
				GCC_WARN_64_TO_32_BIT_CONVERSION = YES;
				GCC_WARN_ABOUT_DEPRECATED_FUNCTIONS = NO;
				GCC_WARN_ABOUT_RETURN_TYPE = YES_ERROR;
				GCC_WARN_UNDECLARED_SELECTOR = YES;
				GCC_WARN_UNINITIALIZED_AUTOS = YES_AGGRESSIVE;
				GCC_WARN_UNUSED_FUNCTION = YES;
				GCC_WARN_UNUSED_VARIABLE = YES;
				IPHONEOS_DEPLOYMENT_TARGET = 12.4;
				MTL_ENABLE_DEBUG_INFO = NO;
				MTL_FAST_MATH = YES;
				SDKROOT = iphoneos;
				SWIFT_COMPILATION_MODE = wholemodule;
				SWIFT_OPTIMIZATION_LEVEL = "-O";
				VALIDATE_PRODUCT = YES;
			};
			name = Release;
		};
		6482745524137FDE00578441 /* Debug */ = {
			isa = XCBuildConfiguration;
			baseConfigurationReference = A1597F5BB97080F14DE36044 /* Pods-Test task iOS - OsmAnd.debug.xcconfig */;
			buildSettings = {
				ASSETCATALOG_COMPILER_APPICON_NAME = AppIcon;
				CODE_SIGN_STYLE = Automatic;
				INFOPLIST_FILE = "Test task iOS - OsmAnd/Info.plist";
				IPHONEOS_DEPLOYMENT_TARGET = 13.0;
				LD_RUNPATH_SEARCH_PATHS = (
					"$(inherited)",
					"@executable_path/Frameworks",
				);
				PRODUCT_BUNDLE_IDENTIFIER = "com.stasshetko.Test-task-iOS---OsmAnd";
				PRODUCT_NAME = "Test task iOS - OsmAnd";
				SWIFT_VERSION = 5.0;
				TARGETED_DEVICE_FAMILY = 1;
			};
			name = Debug;
		};
		6482745624137FDE00578441 /* Release */ = {
			isa = XCBuildConfiguration;
			baseConfigurationReference = 1B48348A0330DA596BC8B1A9 /* Pods-Test task iOS - OsmAnd.release.xcconfig */;
			buildSettings = {
				ASSETCATALOG_COMPILER_APPICON_NAME = AppIcon;
				CODE_SIGN_STYLE = Automatic;
				INFOPLIST_FILE = "Test task iOS - OsmAnd/Info.plist";
				IPHONEOS_DEPLOYMENT_TARGET = 13.0;
				LD_RUNPATH_SEARCH_PATHS = (
					"$(inherited)",
					"@executable_path/Frameworks",
				);
				PRODUCT_BUNDLE_IDENTIFIER = "com.stasshetko.Test-task-iOS---OsmAnd";
				PRODUCT_NAME = "Test task iOS - OsmAnd";
				SWIFT_VERSION = 5.0;
				TARGETED_DEVICE_FAMILY = 1;
			};
			name = Release;
		};
/* End XCBuildConfiguration section */

/* Begin XCConfigurationList section */
		6482743B24137FD800578441 /* Build configuration list for PBXProject "Test task iOS - OsmAnd" */ = {
			isa = XCConfigurationList;
			buildConfigurations = (
				6482745224137FDE00578441 /* Debug */,
				6482745324137FDE00578441 /* Release */,
			);
			defaultConfigurationIsVisible = 0;
			defaultConfigurationName = Release;
		};
		6482745424137FDE00578441 /* Build configuration list for PBXNativeTarget "Test task iOS - OsmAnd" */ = {
			isa = XCConfigurationList;
			buildConfigurations = (
				6482745524137FDE00578441 /* Debug */,
				6482745624137FDE00578441 /* Release */,
			);
			defaultConfigurationIsVisible = 0;
			defaultConfigurationName = Release;
		};
/* End XCConfigurationList section */
	};
	rootObject = 6482743824137FD800578441 /* Project object */;
}
